PODS:
  - Alamofire (5.8.0)
  - Kingfisher (7.9.1)

DEPENDENCIES:
  - Alamofire
  - Kingfisher

SPEC REPOS:
  trunk:
    - Alamofire
    - Kingfisher

SPEC CHECKSUMS:
  Alamofire: 0e92e751b3e9e66d7982db43919d01f313b8eb91
  Kingfisher: 1d14e9f59cbe19389f591c929000332bf70efd32

PODFILE CHECKSUM: e2d46eb1f42548d948e8a35a3e76a9b302354b09

COCOAPODS: 1.13.0
